
Microsoft Visual Studio Solution File, Format Version 11.00
# Visual Studio 2010
Project("{FAE04EC0-301F-11D3-BF4B-00C04F79EFBC}") = "AI_Action", "Assembly-CSharp.csproj", "{3F69D08B-ED4B-3AC6-FE53-57BF50C4B323}"
EndProject
Global
	GlobalSection(SolutionConfigurationPlatforms) = preSolution
		Debug|Any CPU = Debug|Any CPU
		Release|Any CPU = Release|Any CPU
	EndGlobalSection
	GlobalSection(ProjectConfigurationPlatforms) = postSolution
		{3F69D08B-ED4B-3AC6-FE53-57BF50C4B323}.Debug|Any CPU.ActiveCfg = Debug|Any CPU
		{3F69D08B-ED4B-3AC6-FE53-57BF50C4B323}.Debug|Any CPU.Build.0 = Debug|Any CPU
		{3F69D08B-ED4B-3AC6-FE53-57BF50C4B323}.Release|Any CPU.ActiveCfg = Release|Any CPU
		{3F69D08B-ED4B-3AC6-FE53-57BF50C4B323}.Release|Any CPU.Build.0 = Release|Any CPU
	EndGlobalSection
	GlobalSection(SolutionProperties) = preSolution
		HideSolutionNode = FALSE
	EndGlobalSection
	GlobalSection(MonoDevelopProperties) = preSolution
		StartupItem = Assembly-CSharp.csproj
	EndGlobalSection
EndGlobal
